
Microsoft Visual Studio Solution File, Format Version 12.00
# Visual Studio 15
Project("{FAE04EC0-301F-11D3-BF4B-00C04F79EFBC}") = "Assembly-CSharp", "Assembly-CSharp.csproj", "{42AA8CE7-6552-AAF7-2256-18F246ECA6D5}"
EndProject
Project("{FAE04EC0-301F-11D3-BF4B-00C04F79EFBC}") = "Assembly-CSharp-Editor", "Assembly-CSharp-Editor.csproj", "{115044AE-BEF3-4CD0-5941-22CF2DEC6AC0}"
EndProject
Global
	GlobalSection(SolutionConfigurationPlatforms) = preSolution
		Debug|Any CPU = Debug|Any CPU
		Release|Any CPU = Release|Any CPU
	EndGlobalSection
	GlobalSection(ProjectConfigurationPlatforms) = postSolution
		{42AA8CE7-6552-AAF7-2256-18F246ECA6D5}.Debug|Any CPU.ActiveCfg = Debug|Any CPU
		{42AA8CE7-6552-AAF7-2256-18F246ECA6D5}.Debug|Any CPU.Build.0 = Debug|Any CPU
		{42AA8CE7-6552-AAF7-2256-18F246ECA6D5}.Release|Any CPU.ActiveCfg = Release|Any CPU
		{42AA8CE7-6552-AAF7-2256-18F246ECA6D5}.Release|Any CPU.Build.0 = Release|Any CPU
		{115044AE-BEF3-4CD0-5941-22CF2DEC6AC0}.Debug|Any CPU.ActiveCfg = Debug|Any CPU
		{115044AE-BEF3-4CD0-5941-22CF2DEC6AC0}.Debug|Any CPU.Build.0 = Debug|Any CPU
		{115044AE-BEF3-4CD0-5941-22CF2DEC6AC0}.Release|Any CPU.ActiveCfg = Release|Any CPU
		{115044AE-BEF3-4CD0-5941-22CF2DEC6AC0}.Release|Any CPU.Build.0 = Release|Any CPU
	EndGlobalSection
	GlobalSection(SolutionProperties) = preSolution
		HideSolutionNode = FALSE
	EndGlobalSection
EndGlobal
